
Microsoft Visual Studio Solution File, Format Version 12.00
# Visual Studio Express 14 for Windows Desktop
VisualStudioVersion = 14.0.25123.0
MinimumVisualStudioVersion = 10.0.40219.1
Project("{8BC9CEB8-8B4A-11D0-8D11-00A0C91BC942}") = "forward", "forward\forward.vcxproj", "{D8E74B26-7B92-4BC4-B1A5-60F036A79157}"
EndProject
Project("{8BC9CEB8-8B4A-11D0-8D11-00A0C91BC942}") = "backward", "backward\backward.vcxproj", "{C9E25D94-44F3-45C5-82EC-626FDB949534}"
EndProject
Project("{8BC9CEB8-8B4A-11D0-8D11-00A0C91BC942}") = "primitives", "primitives\primitives.vcxproj", "{235B326E-29BC-40F3-BB11-DC50CD13B96C}"
EndProject
Global
	GlobalSection(SolutionConfigurationPlatforms) = preSolution
		Debug|x64 = Debug|x64
		Debug|x86 = Debug|x86
		Release|x64 = Release|x64
		Release|x86 = Release|x86
	EndGlobalSection
	GlobalSection(ProjectConfigurationPlatforms) = postSolution
		{D8E74B26-7B92-4BC4-B1A5-60F036A79157}.Debug|x64.ActiveCfg = Debug|x64
		{D8E74B26-7B92-4BC4-B1A5-60F036A79157}.Debug|x64.Build.0 = Debug|x64
		{D8E74B26-7B92-4BC4-B1A5-60F036A79157}.Debug|x86.ActiveCfg = Debug|Win32
		{D8E74B26-7B92-4BC4-B1A5-60F036A79157}.Debug|x86.Build.0 = Debug|Win32
		{D8E74B26-7B92-4BC4-B1A5-60F036A79157}.Release|x64.ActiveCfg = Release|x64
		{D8E74B26-7B92-4BC4-B1A5-60F036A79157}.Release|x64.Build.0 = Release|x64
		{D8E74B26-7B92-4BC4-B1A5-60F036A79157}.Release|x86.ActiveCfg = Release|Win32
		{D8E74B26-7B92-4BC4-B1A5-60F036A79157}.Release|x86.Build.0 = Release|Win32
		{C9E25D94-44F3-45C5-82EC-626FDB949534}.Debug|x64.ActiveCfg = Debug|x64
		{C9E25D94-44F3-45C5-82EC-626FDB949534}.Debug|x64.Build.0 = Debug|x64
		{C9E25D94-44F3-45C5-82EC-626FDB949534}.Debug|x86.ActiveCfg = Debug|Win32
		{C9E25D94-44F3-45C5-82EC-626FDB949534}.Debug|x86.Build.0 = Debug|Win32
		{C9E25D94-44F3-45C5-82EC-626FDB949534}.Release|x64.ActiveCfg = Release|x64
		{C9E25D94-44F3-45C5-82EC-626FDB949534}.Release|x64.Build.0 = Release|x64
		{C9E25D94-44F3-45C5-82EC-626FDB949534}.Release|x86.ActiveCfg = Release|Win32
		{C9E25D94-44F3-45C5-82EC-626FDB949534}.Release|x86.Build.0 = Release|Win32
		{235B326E-29BC-40F3-BB11-DC50CD13B96C}.Debug|x64.ActiveCfg = Debug|x64
		{235B326E-29BC-40F3-BB11-DC50CD13B96C}.Debug|x64.Build.0 = Debug|x64
		{235B326E-29BC-40F3-BB11-DC50CD13B96C}.Debug|x86.ActiveCfg = Debug|Win32
		{235B326E-29BC-40F3-BB11-DC50CD13B96C}.Debug|x86.Build.0 = Debug|Win32
		{235B326E-29BC-40F3-BB11-DC50CD13B96C}.Release|x64.ActiveCfg = Release|x64
		{235B326E-29BC-40F3-BB11-DC50CD13B96C}.Release|x64.Build.0 = Release|x64
		{235B326E-29BC-40F3-BB11-DC50CD13B96C}.Release|x86.ActiveCfg = Release|Win32
		{235B326E-29BC-40F3-BB11-DC50CD13B96C}.Release|x86.Build.0 = Release|Win32
	EndGlobalSection
	GlobalSection(SolutionProperties) = preSolution
		HideSolutionNode = FALSE
	EndGlobalSection
EndGlobal
